// !$*UTF8*$!
{
	archiveVersion = 1;
	classes = {
	};
	objectVersion = 55;
	objects = {

/* Begin PBXBuildFile section */
		114966DA28D0668700A0214B /* AppDelegate.swift in Sources */ = {isa = PBXBuildFile; fileRef = 114966D928D0668700A0214B /* AppDelegate.swift */; };
		114966DC28D0668700A0214B /* SceneDelegate.swift in Sources */ = {isa = PBXBuildFile; fileRef = 114966DB28D0668700A0214B /* SceneDelegate.swift */; };
		114966DE28D0668700A0214B /* ViewController.swift in Sources */ = {isa = PBXBuildFile; fileRef = 114966DD28D0668700A0214B /* ViewController.swift */; };
		114966E128D0668700A0214B /* Main.storyboard in Resources */ = {isa = PBXBuildFile; fileRef = 114966DF28D0668700A0214B /* Main.storyboard */; };
		114966E428D0668700A0214B /* Bazar.xcdatamodeld in Sources */ = {isa = PBXBuildFile; fileRef = 114966E228D0668700A0214B /* Bazar.xcdatamodeld */; };
		114966E628D0668A00A0214B /* Assets.xcassets in Resources */ = {isa = PBXBuildFile; fileRef = 114966E528D0668A00A0214B /* Assets.xcassets */; };
		114966E928D0668A00A0214B /* LaunchScreen.storyboard in Resources */ = {isa = PBXBuildFile; fileRef = 114966E728D0668A00A0214B /* LaunchScreen.storyboard */; };
		114966F428D06A9000A0214B /* ProductTableViewCell.swift in Sources */ = {isa = PBXBuildFile; fileRef = 114966F228D06A9000A0214B /* ProductTableViewCell.swift */; };
		114966F528D06A9000A0214B /* ProductTableViewCell.xib in Resources */ = {isa = PBXBuildFile; fileRef = 114966F328D06A9000A0214B /* ProductTableViewCell.xib */; };
		114966F828D0755D00A0214B /* Parser.swift in Sources */ = {isa = PBXBuildFile; fileRef = 114966F728D0755D00A0214B /* Parser.swift */; };
		114966FA28D0883C00A0214B /* ProductModel.swift in Sources */ = {isa = PBXBuildFile; fileRef = 114966F928D0883C00A0214B /* ProductModel.swift */; };
		114966FC28D0983D00A0214B /* CartViewController.swift in Sources */ = {isa = PBXBuildFile; fileRef = 114966FB28D0983D00A0214B /* CartViewController.swift */; };
		11DCCF8B28D309E500EF30F6 /* DetailViewController.swift in Sources */ = {isa = PBXBuildFile; fileRef = 11DCCF8A28D309E500EF30F6 /* DetailViewController.swift */; };
		24A19ACE83DDBC9280C479AA /* Pods_Bazar.framework in Frameworks */ = {isa = PBXBuildFile; fileRef = 148ADB03C100D4725A0D460D /* Pods_Bazar.framework */; };
/* End PBXBuildFile section */

/* Begin PBXFileReference section */
		114966D628D0668700A0214B /* Bazar.app */ = {isa = PBXFileReference; explicitFileType = wrapper.application; includeInIndex = 0; path = Bazar.app; sourceTree = BUILT_PRODUCTS_DIR; };
		114966D928D0668700A0214B /* AppDelegate.swift */ = {isa = PBXFileReference; lastKnownFileType = sourcecode.swift; path = AppDelegate.swift; sourceTree = "<group>"; };
		114966DB28D0668700A0214B /* SceneDelegate.swift */ = {isa = PBXFileReference; lastKnownFileType = sourcecode.swift; path = SceneDelegate.swift; sourceTree = "<group>"; };
		114966DD28D0668700A0214B /* ViewController.swift */ = {isa = PBXFileReference; lastKnownFileType = sourcecode.swift; path = ViewController.swift; sourceTree = "<group>"; };
		114966E028D0668700A0214B /* Base */ = {isa = PBXFileReference; lastKnownFileType = file.storyboard; name = Base; path = Base.lproj/Main.storyboard; sourceTree = "<group>"; };
		114966E328D0668700A0214B /* Bazar.xcdatamodel */ = {isa = PBXFileReference; lastKnownFileType = wrapper.xcdatamodel; path = Bazar.xcdatamodel; sourceTree = "<group>"; };
		114966E528D0668A00A0214B /* Assets.xcassets */ = {isa = PBXFileReference; lastKnownFileType = folder.assetcatalog; path = Assets.xcassets; sourceTree = "<group>"; };
		114966E828D0668A00A0214B /* Base */ = {isa = PBXFileReference; lastKnownFileType = file.storyboard; name = Base; path = Base.lproj/LaunchScreen.storyboard; sourceTree = "<group>"; };
		114966EA28D0668A00A0214B /* Info.plist */ = {isa = PBXFileReference; lastKnownFileType = text.plist.xml; path = Info.plist; sourceTree = "<group>"; };
		114966F228D06A9000A0214B /* ProductTableViewCell.swift */ = {isa = PBXFileReference; lastKnownFileType = sourcecode.swift; path = ProductTableViewCell.swift; sourceTree = "<group>"; };
		114966F328D06A9000A0214B /* ProductTableViewCell.xib */ = {isa = PBXFileReference; lastKnownFileType = file.xib; path = ProductTableViewCell.xib; sourceTree = "<group>"; };
		114966F728D0755D00A0214B /* Parser.swift */ = {isa = PBXFileReference; lastKnownFileType = sourcecode.swift; path = Parser.swift; sourceTree = "<group>"; };
		114966F928D0883C00A0214B /* ProductModel.swift */ = {isa = PBXFileReference; lastKnownFileType = sourcecode.swift; path = ProductModel.swift; sourceTree = "<group>"; };
		114966FB28D0983D00A0214B /* CartViewController.swift */ = {isa = PBXFileReference; lastKnownFileType = sourcecode.swift; path = CartViewController.swift; sourceTree = "<group>"; };
		11DCCF8A28D309E500EF30F6 /* DetailViewController.swift */ = {isa = PBXFileReference; lastKnownFileType = sourcecode.swift; path = DetailViewController.swift; sourceTree = "<group>"; };
		148ADB03C100D4725A0D460D /* Pods_Bazar.framework */ = {isa = PBXFileReference; explicitFileType = wrapper.framework; includeInIndex = 0; path = Pods_Bazar.framework; sourceTree = BUILT_PRODUCTS_DIR; };
		3D357FC7E2BCF1358C874209 /* Pods-Bazar.debug.xcconfig */ = {isa = PBXFileReference; includeInIndex = 1; lastKnownFileType = text.xcconfig; name = "Pods-Bazar.debug.xcconfig"; path = "Target Support Files/Pods-Bazar/Pods-Bazar.debug.xcconfig"; sourceTree = "<group>"; };
		8B368C4FDEC92FE550559C70 /* Pods-Bazar.release.xcconfig */ = {isa = PBXFileReference; includeInIndex = 1; lastKnownFileType = text.xcconfig; name = "Pods-Bazar.release.xcconfig"; path = "Target Support Files/Pods-Bazar/Pods-Bazar.release.xcconfig"; sourceTree = "<group>"; };
/* End PBXFileReference section */

/* Begin PBXFrameworksBuildPhase section */
		114966D328D0668700A0214B /* Frameworks */ = {
			isa = PBXFrameworksBuildPhase;
			buildActionMask = 2147483647;
			files = (
				24A19ACE83DDBC9280C479AA /* Pods_Bazar.framework in Frameworks */,
			);
			runOnlyForDeploymentPostprocessing = 0;
		};
/* End PBXFrameworksBuildPhase section */

/* Begin PBXGroup section */
		114966CD28D0668700A0214B = {
			isa = PBXGroup;
			children = (
				114966D828D0668700A0214B /* Bazar */,
				114966D728D0668700A0214B /* Products */,
				47B3D1D6207AF874E67A841E /* Pods */,
				A3EBAB34A2FDCDCCA8C5B7CA /* Frameworks */,
			);
			sourceTree = "<group>";
		};
		114966D728D0668700A0214B /* Products */ = {
			isa = PBXGroup;
			children = (
				114966D628D0668700A0214B /* Bazar.app */,
			);
			name = Products;
			sourceTree = "<group>";
		};
		114966D828D0668700A0214B /* Bazar */ = {
			isa = PBXGroup;
			children = (
				114966D928D0668700A0214B /* AppDelegate.swift */,
				114966DB28D0668700A0214B /* SceneDelegate.swift */,
				114966F028D06A6500A0214B /* View */,
				114966F628D0753300A0214B /* Model */,
				114966F128D06A6F00A0214B /* Control */,
				114966E528D0668A00A0214B /* Assets.xcassets */,
				114966E728D0668A00A0214B /* LaunchScreen.storyboard */,
				114966EA28D0668A00A0214B /* Info.plist */,
				114966E228D0668700A0214B /* Bazar.xcdatamodeld */,
			);
			path = Bazar;
			sourceTree = "<group>";
		};
		114966F028D06A6500A0214B /* View */ = {
			isa = PBXGroup;
			children = (
				114966DF28D0668700A0214B /* Main.storyboard */,
				114966F328D06A9000A0214B /* ProductTableViewCell.xib */,
			);
			path = View;
			sourceTree = "<group>";
		};
		114966F128D06A6F00A0214B /* Control */ = {
			isa = PBXGroup;
			children = (
				114966DD28D0668700A0214B /* ViewController.swift */,
				11DCCF8A28D309E500EF30F6 /* DetailViewController.swift */,
				114966F228D06A9000A0214B /* ProductTableViewCell.swift */,
				114966FB28D0983D00A0214B /* CartViewController.swift */,
			);
			path = Control;
			sourceTree = "<group>";
		};
		114966F628D0753300A0214B /* Model */ = {
			isa = PBXGroup;
			children = (
				114966F728D0755D00A0214B /* Parser.swift */,
				114966F928D0883C00A0214B /* ProductModel.swift */,
			);
			path = Model;
			sourceTree = "<group>";
		};
		47B3D1D6207AF874E67A841E /* Pods */ = {
			isa = PBXGroup;
			children = (
				3D357FC7E2BCF1358C874209 /* Pods-Bazar.debug.xcconfig */,
				8B368C4FDEC92FE550559C70 /* Pods-Bazar.release.xcconfig */,
			);
			path = Pods;
			sourceTree = "<group>";
		};
		A3EBAB34A2FDCDCCA8C5B7CA /* Frameworks */ = {
			isa = PBXGroup;
			children = (
				148ADB03C100D4725A0D460D /* Pods_Bazar.framework */,
			);
			name = Frameworks;
			sourceTree = "<group>";
		};
/* End PBXGroup section */

/* Begin PBXNativeTarget section */
		114966D528D0668700A0214B /* Bazar */ = {
			isa = PBXNativeTarget;
			buildConfigurationList = 114966ED28D0668A00A0214B /* Build configuration list for PBXNativeTarget "Bazar" */;
			buildPhases = (
				475DF2D6A0EFA91469502D41 /* [CP] Check Pods Manifest.lock */,
				114966D228D0668700A0214B /* Sources */,
				114966D328D0668700A0214B /* Frameworks */,
				114966D428D0668700A0214B /* Resources */,
				916795F75FD7CA53EF2414BB /* [CP] Embed Pods Frameworks */,
			);
			buildRules = (
			);
			dependencies = (
			);
			name = Bazar;
			productName = Bazar;
			productReference = 114966D628D0668700A0214B /* Bazar.app */;
			productType = "com.apple.product-type.application";
		};
/* End PBXNativeTarget section */

/* Begin PBXProject section */
		114966CE28D0668700A0214B /* Project object */ = {
			isa = PBXProject;
			attributes = {
				BuildIndependentTargetsInParallel = 1;
				LastSwiftUpdateCheck = 1320;
				LastUpgradeCheck = 1320;
				TargetAttributes = {
					114966D528D0668700A0214B = {
						CreatedOnToolsVersion = 13.2.1;
					};
				};
			};
			buildConfigurationList = 114966D128D0668700A0214B /* Build configuration list for PBXProject "Bazar" */;
			compatibilityVersion = "Xcode 13.0";
			developmentRegion = en;
			hasScannedForEncodings = 0;
			knownRegions = (
				en,
				Base,
			);
			mainGroup = 114966CD28D0668700A0214B;
			productRefGroup = 114966D728D0668700A0214B /* Products */;
			projectDirPath = "";
			projectRoot = "";
			targets = (
				114966D528D0668700A0214B /* Bazar */,
			);
		};
/* End PBXProject section */

/* Begin PBXResourcesBuildPhase section */
		114966D428D0668700A0214B /* Resources */ = {
			isa = PBXResourcesBuildPhase;
			buildActionMask = 2147483647;
			files = (
				114966E928D0668A00A0214B /* LaunchScreen.storyboard in Resources */,
				114966F528D06A9000A0214B /* ProductTableViewCell.xib in Resources */,
				114966E628D0668A00A0214B /* Assets.xcassets in Resources */,
				114966E128D0668700A0214B /* Main.storyboard in Resources */,
			);
			runOnlyForDeploymentPostprocessing = 0;
		};
/* End PBXResourcesBuildPhase section */

/* Begin PBXShellScriptBuildPhase section */
		475DF2D6A0EFA91469502D41 /* [CP] Check Pods Manifest.lock */ = {
			isa = PBXShellScriptBuildPhase;
			buildActionMask = 2147483647;
			files = (
			);
			inputFileListPaths = (
			);
			inputPaths = (
				"${PODS_PODFILE_DIR_PATH}/Podfile.lock",
				"${PODS_ROOT}/Manifest.lock",
			);
			name = "[CP] Check Pods Manifest.lock";
			outputFileListPaths = (
			);
			outputPaths = (
				"$(DERIVED_FILE_DIR)/Pods-Bazar-checkManifestLockResult.txt",
			);
			runOnlyForDeploymentPostprocessing = 0;
			shellPath = /bin/sh;
			shellScript = "diff \"${PODS_PODFILE_DIR_PATH}/Podfile.lock\" \"${PODS_ROOT}/Manifest.lock\" > /dev/null\nif [ $? != 0 ] ; then\n    # print error to STDERR\n    echo \"error: The sandbox is not in sync with the Podfile.lock. Run 'pod install' or update your CocoaPods installation.\" >&2\n    exit 1\nfi\n# This output is used by Xcode 'outputs' to avoid re-running this script phase.\necho \"SUCCESS\" > \"${SCRIPT_OUTPUT_FILE_0}\"\n";
			showEnvVarsInLog = 0;
		};
		916795F75FD7CA53EF2414BB /* [CP] Embed Pods Frameworks */ = {
			isa = PBXShellScriptBuildPhase;
			buildActionMask = 2147483647;
			files = (
			);
			inputFileListPaths = (
				"${PODS_ROOT}/Target Support Files/Pods-Bazar/Pods-Bazar-frameworks-${CONFIGURATION}-input-files.xcfilelist",
			);
			name = "[CP] Embed Pods Frameworks";
			outputFileListPaths = (
				"${PODS_ROOT}/Target Support Files/Pods-Bazar/Pods-Bazar-frameworks-${CONFIGURATION}-output-files.xcfilelist",
			);
			runOnlyForDeploymentPostprocessing = 0;
			shellPath = /bin/sh;
			shellScript = "\"${PODS_ROOT}/Target Support Files/Pods-Bazar/Pods-Bazar-frameworks.sh\"\n";
			showEnvVarsInLog = 0;
		};
/* End PBXShellScriptBuildPhase section */

/* Begin PBXSourcesBuildPhase section */
		114966D228D0668700A0214B /* Sources */ = {
			isa = PBXSourcesBuildPhase;
			buildActionMask = 2147483647;
			files = (
				114966DE28D0668700A0214B /* ViewController.swift in Sources */,
				114966DA28D0668700A0214B /* AppDelegate.swift in Sources */,
				114966F828D0755D00A0214B /* Parser.swift in Sources */,
				114966F428D06A9000A0214B /* ProductTableViewCell.swift in Sources */,
				114966FC28D0983D00A0214B /* CartViewController.swift in Sources */,
				114966E428D0668700A0214B /* Bazar.xcdatamodeld in Sources */,
				11DCCF8B28D309E500EF30F6 /* DetailViewController.swift in Sources */,
				114966FA28D0883C00A0214B /* ProductModel.swift in Sources */,
				114966DC28D0668700A0214B /* SceneDelegate.swift in Sources */,
			);
			runOnlyForDeploymentPostprocessing = 0;
		};
/* End PBXSourcesBuildPhase section */

/* Begin PBXVariantGroup section */
		114966DF28D0668700A0214B /* Main.storyboard */ = {
			isa = PBXVariantGroup;
			children = (
				114966E028D0668700A0214B /* Base */,
			);
			name = Main.storyboard;
			sourceTree = "<group>";
		};
		114966E728D0668A00A0214B /* LaunchScreen.storyboard */ = {
			isa = PBXVariantGroup;
			children = (
				114966E828D0668A00A0214B /* Base */,
			);
			name = LaunchScreen.storyboard;
			sourceTree = "<group>";
		};
/* End PBXVariantGroup section */

/* Begin XCBuildConfiguration section */
		114966EB28D0668A00A0214B /* Debug */ = {
			isa = XCBuildConfiguration;
			buildSettings = {
				ALWAYS_SEARCH_USER_PATHS = NO;
				CLANG_ANALYZER_NONNULL = YES;
				CLANG_ANALYZER_NUMBER_OBJECT_CONVERSION = YES_AGGRESSIVE;
				CLANG_CXX_LANGUAGE_STANDARD = "gnu++17";
				CLANG_CXX_LIBRARY = "libc++";
				CLANG_ENABLE_MODULES = YES;
				CLANG_ENABLE_OBJC_ARC = YES;
				CLANG_ENABLE_OBJC_WEAK = YES;
				CLANG_WARN_BLOCK_CAPTURE_AUTORELEASING = YES;
				CLANG_WARN_BOOL_CONVERSION = YES;
				CLANG_WARN_COMMA = YES;
				CLANG_WARN_CONSTANT_CONVERSION = YES;
				CLANG_WARN_DEPRECATED_OBJC_IMPLEMENTATIONS = YES;
				CLANG_WARN_DIRECT_OBJC_ISA_USAGE = YES_ERROR;
				CLANG_WARN_DOCUMENTATION_COMMENTS = YES;
				CLANG_WARN_EMPTY_BODY = YES;
				CLANG_WARN_ENUM_CONVERSION = YES;
				CLANG_WARN_INFINITE_RECURSION = YES;
				CLANG_WARN_INT_CONVERSION = YES;
				CLANG_WARN_NON_LITERAL_NULL_CONVERSION = YES;
				CLANG_WARN_OBJC_IMPLICIT_RETAIN_SELF = YES;
				CLANG_WARN_OBJC_LITERAL_CONVERSION = YES;
				CLANG_WARN_OBJC_ROOT_CLASS = YES_ERROR;
				CLANG_WARN_QUOTED_INCLUDE_IN_FRAMEWORK_HEADER = YES;
				CLANG_WARN_RANGE_LOOP_ANALYSIS = YES;
				CLANG_WARN_STRICT_PROTOTYPES = YES;
				CLANG_WARN_SUSPICIOUS_MOVE = YES;
				CLANG_WARN_UNGUARDED_AVAILABILITY = YES_AGGRESSIVE;
				CLANG_WARN_UNREACHABLE_CODE = YES;
				CLANG_WARN__DUPLICATE_METHOD_MATCH = YES;
				COPY_PHASE_STRIP = NO;
				DEBUG_INFORMATION_FORMAT = dwarf;
				ENABLE_STRICT_OBJC_MSGSEND = YES;
				ENABLE_TESTABILITY = YES;
				GCC_C_LANGUAGE_STANDARD = gnu11;
				GCC_DYNAMIC_NO_PIC = NO;
				GCC_NO_COMMON_BLOCKS = YES;
				GCC_OPTIMIZATION_LEVEL = 0;
				GCC_PREPROCESSOR_DEFINITIONS = (
					"DEBUG=1",
					"$(inherited)",
				);
				GCC_WARN_64_TO_32_BIT_CONVERSION = YES;
				GCC_WARN_ABOUT_RETURN_TYPE = YES_ERROR;
				GCC_WARN_UNDECLARED_SELECTOR = YES;
				GCC_WARN_UNINITIALIZED_AUTOS = YES_AGGRESSIVE;
				GCC_WARN_UNUSED_FUNCTION = YES;
				GCC_WARN_UNUSED_VARIABLE = YES;
				IPHONEOS_DEPLOYMENT_TARGET = 15.2;
				MTL_ENABLE_DEBUG_INFO = INCLUDE_SOURCE;
				MTL_FAST_MATH = YES;
				ONLY_ACTIVE_ARCH = YES;
				SDKROOT = iphoneos;
				SWIFT_ACTIVE_COMPILATION_CONDITIONS = DEBUG;
				SWIFT_OPTIMIZATION_LEVEL = "-Onone";
			};
			name = Debug;
		};
		114966EC28D0668A00A0214B /* Release */ = {
			isa = XCBuildConfiguration;
			buildSettings = {
				ALWAYS_SEARCH_USER_PATHS = NO;
				CLANG_ANALYZER_NONNULL = YES;
				CLANG_ANALYZER_NUMBER_OBJECT_CONVERSION = YES_AGGRESSIVE;
				CLANG_CXX_LANGUAGE_STANDARD = "gnu++17";
				CLANG_CXX_LIBRARY = "libc++";
				CLANG_ENABLE_MODULES = YES;
				CLANG_ENABLE_OBJC_ARC = YES;
				CLANG_ENABLE_OBJC_WEAK = YES;
				CLANG_WARN_BLOCK_CAPTURE_AUTORELEASING = YES;
				CLANG_WARN_BOOL_CONVERSION = YES;
				CLANG_WARN_COMMA = YES;
				CLANG_WARN_CONSTANT_CONVERSION = YES;
				CLANG_WARN_DEPRECATED_OBJC_IMPLEMENTATIONS = YES;
				CLANG_WARN_DIRECT_OBJC_ISA_USAGE = YES_ERROR;
				CLANG_WARN_DOCUMENTATION_COMMENTS = YES;
				CLANG_WARN_EMPTY_BODY = YES;
				CLANG_WARN_ENUM_CONVERSION = YES;
				CLANG_WARN_INFINITE_RECURSION = YES;
				CLANG_WARN_INT_CONVERSION = YES;
				CLANG_WARN_NON_LITERAL_NULL_CONVERSION = YES;
				CLANG_WARN_OBJC_IMPLICIT_RETAIN_SELF = YES;
				CLANG_WARN_OBJC_LITERAL_CONVERSION = YES;
				CLANG_WARN_OBJC_ROOT_CLASS = YES_ERROR;
				CLANG_WARN_QUOTED_INCLUDE_IN_FRAMEWORK_HEADER = YES;
				CLANG_WARN_RANGE_LOOP_ANALYSIS = YES;
				CLANG_WARN_STRICT_PROTOTYPES = YES;
				CLANG_WARN_SUSPICIOUS_MOVE = YES;
				CLANG_WARN_UNGUARDED_AVAILABILITY = YES_AGGRESSIVE;
				CLANG_WARN_UNREACHABLE_CODE = YES;
				CLANG_WARN__DUPLICATE_METHOD_MATCH = YES;
				COPY_PHASE_STRIP = NO;
				DEBUG_INFORMATION_FORMAT = "dwarf-with-dsym";
				ENABLE_NS_ASSERTIONS = NO;
				ENABLE_STRICT_OBJC_MSGSEND = YES;
				GCC_C_LANGUAGE_STANDARD = gnu11;
				GCC_NO_COMMON_BLOCKS = YES;
				GCC_WARN_64_TO_32_BIT_CONVERSION = YES;
				GCC_WARN_ABOUT_RETURN_TYPE = YES_ERROR;
				GCC_WARN_UNDECLARED_SELECTOR = YES;
				GCC_WARN_UNINITIALIZED_AUTOS = YES_AGGRESSIVE;
				GCC_WARN_UNUSED_FUNCTION = YES;
				GCC_WARN_UNUSED_VARIABLE = YES;
				IPHONEOS_DEPLOYMENT_TARGET = 15.2;
				MTL_ENABLE_DEBUG_INFO = NO;
				MTL_FAST_MATH = YES;
				SDKROOT = iphoneos;
				SWIFT_COMPILATION_MODE = wholemodule;
				SWIFT_OPTIMIZATION_LEVEL = "-O";
				VALIDATE_PRODUCT = YES;
			};
			name = Release;
		};
		114966EE28D0668A00A0214B /* Debug */ = {
			isa = XCBuildConfiguration;
			baseConfigurationReference = 3D357FC7E2BCF1358C874209 /* Pods-Bazar.debug.xcconfig */;
			buildSettings = {
				ASSETCATALOG_COMPILER_APPICON_NAME = AppIcon;
				ASSETCATALOG_COMPILER_GLOBAL_ACCENT_COLOR_NAME = AccentColor;
				CODE_SIGN_STYLE = Automatic;
				CURRENT_PROJECT_VERSION = 1;
				GENERATE_INFOPLIST_FILE = YES;
				INFOPLIST_FILE = Bazar/Info.plist;
				INFOPLIST_KEY_CFBundleDisplayName = Bazar;
				INFOPLIST_KEY_UIApplicationSupportsIndirectInputEvents = YES;
				INFOPLIST_KEY_UILaunchStoryboardName = LaunchScreen;
				INFOPLIST_KEY_UIMainStoryboardFile = Main;
				INFOPLIST_KEY_UISupportedInterfaceOrientations_iPad = "UIInterfaceOrientationPortrait UIInterfaceOrientationPortraitUpsideDown UIInterfaceOrientationLandscapeLeft UIInterfaceOrientationLandscapeRight";
				INFOPLIST_KEY_UISupportedInterfaceOrientations_iPhone = "UIInterfaceOrientationPortrait UIInterfaceOrientationLandscapeLeft UIInterfaceOrientationLandscapeRight";
				LD_RUNPATH_SEARCH_PATHS = (
					"$(inherited)",
					"@executable_path/Frameworks",
				);
				MARKETING_VERSION = 1.0;
				PRODUCT_BUNDLE_IDENTIFIER = com.example.Bazar;
				PRODUCT_NAME = "$(TARGET_NAME)";
				SWIFT_EMIT_LOC_STRINGS = YES;
				SWIFT_VERSION = 5.0;
				TARGETED_DEVICE_FAMILY = "1,2";
			};
			name = Debug;
		};
		114966EF28D0668A00A0214B /* Release */ = {
			isa = XCBuildConfiguration;
			baseConfigurationReference = 8B368C4FDEC92FE550559C70 /* Pods-Bazar.release.xcconfig */;
			buildSettings = {
				ASSETCATALOG_COMPILER_APPICON_NAME = AppIcon;
				ASSETCATALOG_COMPILER_GLOBAL_ACCENT_COLOR_NAME = AccentColor;
				CODE_SIGN_STYLE = Automatic;
				CURRENT_PROJECT_VERSION = 1;
				GENERATE_INFOPLIST_FILE = YES;
				INFOPLIST_FILE = Bazar/Info.plist;
				INFOPLIST_KEY_CFBundleDisplayName = Bazar;
				INFOPLIST_KEY_UIApplicationSupportsIndirectInputEvents = YES;
				INFOPLIST_KEY_UILaunchStoryboardName = LaunchScreen;
				INFOPLIST_KEY_UIMainStoryboardFile = Main;
				INFOPLIST_KEY_UISupportedInterfaceOrientations_iPad = "UIInterfaceOrientationPortrait UIInterfaceOrientationPortraitUpsideDown UIInterfaceOrientationLandscapeLeft UIInterfaceOrientationLandscapeRight";
				INFOPLIST_KEY_UISupportedInterfaceOrientations_iPhone = "UIInterfaceOrientationPortrait UIInterfaceOrientationLandscapeLeft UIInterfaceOrientationLandscapeRight";
				LD_RUNPATH_SEARCH_PATHS = (
					"$(inherited)",
					"@executable_path/Frameworks",
				);
				MARKETING_VERSION = 1.0;
				PRODUCT_BUNDLE_IDENTIFIER = com.example.Bazar;
				PRODUCT_NAME = "$(TARGET_NAME)";
				SWIFT_EMIT_LOC_STRINGS = YES;
				SWIFT_VERSION = 5.0;
				TARGETED_DEVICE_FAMILY = "1,2";
			};
			name = Release;
		};
/* End XCBuildConfiguration section */

/* Begin XCConfigurationList section */
		114966D128D0668700A0214B /* Build configuration list for PBXProject "Bazar" */ = {
			isa = XCConfigurationList;
			buildConfigurations = (
				114966EB28D0668A00A0214B /* Debug */,
				114966EC28D0668A00A0214B /* Release */,
			);
			defaultConfigurationIsVisible = 0;
			defaultConfigurationName = Release;
		};
		114966ED28D0668A00A0214B /* Build configuration list for PBXNativeTarget "Bazar" */ = {
			isa = XCConfigurationList;
			buildConfigurations = (
				114966EE28D0668A00A0214B /* Debug */,
				114966EF28D0668A00A0214B /* Release */,
			);
			defaultConfigurationIsVisible = 0;
			defaultConfigurationName = Release;
		};
/* End XCConfigurationList section */

/* Begin XCVersionGroup section */
		114966E228D0668700A0214B /* Bazar.xcdatamodeld */ = {
			isa = XCVersionGroup;
			children = (
				114966E328D0668700A0214B /* Bazar.xcdatamodel */,
			);
			currentVersion = 114966E328D0668700A0214B /* Bazar.xcdatamodel */;
			path = Bazar.xcdatamodeld;
			sourceTree = "<group>";
			versionGroupType = wrapper.xcdatamodel;
		};
/* End XCVersionGroup section */
	};
	rootObject = 114966CE28D0668700A0214B /* Project object */;
}
